
Microsoft Visual Studio Solution File, Format Version 12.00
# Visual Studio Version 17
VisualStudioVersion = 17.7.34024.191
MinimumVisualStudioVersion = 10.0.40219.1
Project("{9A19103F-16F7-4668-BE54-9A1E7A4F7556}") = "Example01", "Example01\Example01.csproj", "{049E2EE8-FB20-4CC4-8491-EA9AC090B9F9}"
EndProject
Project("{9A19103F-16F7-4668-BE54-9A1E7A4F7556}") = "D01.Delegates", "D01.Delegates\D01.Delegates.csproj", "{F7EA2AFA-30BA-454C-BA20-EB184F70E936}"
EndProject
Project("{9A19103F-16F7-4668-BE54-9A1E7A4F7556}") = "WinFormsApp1", "WinFormsApp1\WinFormsApp1.csproj", "{056DA627-917B-4CBA-AD0D-B93DC6DADE57}"
EndProject
Project("{FAE04EC0-301F-11D3-BF4B-00C04F79EFBC}") = "Delegates02", "Delegates02\Delegates02.csproj", "{DBD6DBB8-1594-45DE-AC0D-DEE2D993CEF0}"
EndProject
Global
	GlobalSection(SolutionConfigurationPlatforms) = preSolution
		Debug|Any CPU = Debug|Any CPU
		Release|Any CPU = Release|Any CPU
	EndGlobalSection
	GlobalSection(ProjectConfigurationPlatforms) = postSolution
		{049E2EE8-FB20-4CC4-8491-EA9AC090B9F9}.Debug|Any CPU.ActiveCfg = Debug|Any CPU
		{049E2EE8-FB20-4CC4-8491-EA9AC090B9F9}.Debug|Any CPU.Build.0 = Debug|Any CPU
		{049E2EE8-FB20-4CC4-8491-EA9AC090B9F9}.Release|Any CPU.ActiveCfg = Release|Any CPU
		{049E2EE8-FB20-4CC4-8491-EA9AC090B9F9}.Release|Any CPU.Build.0 = Release|Any CPU
		{F7EA2AFA-30BA-454C-BA20-EB184F70E936}.Debug|Any CPU.ActiveCfg = Debug|Any CPU
		{F7EA2AFA-30BA-454C-BA20-EB184F70E936}.Debug|Any CPU.Build.0 = Debug|Any CPU
		{F7EA2AFA-30BA-454C-BA20-EB184F70E936}.Release|Any CPU.ActiveCfg = Release|Any CPU
		{F7EA2AFA-30BA-454C-BA20-EB184F70E936}.Release|Any CPU.Build.0 = Release|Any CPU
		{056DA627-917B-4CBA-AD0D-B93DC6DADE57}.Debug|Any CPU.ActiveCfg = Debug|Any CPU
		{056DA627-917B-4CBA-AD0D-B93DC6DADE57}.Debug|Any CPU.Build.0 = Debug|Any CPU
		{056DA627-917B-4CBA-AD0D-B93DC6DADE57}.Release|Any CPU.ActiveCfg = Release|Any CPU
		{056DA627-917B-4CBA-AD0D-B93DC6DADE57}.Release|Any CPU.Build.0 = Release|Any CPU
		{DBD6DBB8-1594-45DE-AC0D-DEE2D993CEF0}.Debug|Any CPU.ActiveCfg = Debug|Any CPU
		{DBD6DBB8-1594-45DE-AC0D-DEE2D993CEF0}.Debug|Any CPU.Build.0 = Debug|Any CPU
		{DBD6DBB8-1594-45DE-AC0D-DEE2D993CEF0}.Release|Any CPU.ActiveCfg = Release|Any CPU
		{DBD6DBB8-1594-45DE-AC0D-DEE2D993CEF0}.Release|Any CPU.Build.0 = Release|Any CPU
	EndGlobalSection
	GlobalSection(SolutionProperties) = preSolution
		HideSolutionNode = FALSE
	EndGlobalSection
	GlobalSection(ExtensibilityGlobals) = postSolution
		SolutionGuid = {3373A8F1-7C2F-46BD-AC9F-11F1D5F87EDC}
	EndGlobalSection
EndGlobal
